version = 1
revision = 3
requires-python = ">=3.14"

[[package]]
name = "micro-dao"
version = "0.1.0"
source = { virtual = "." }
dependencies = [
    { name = "polars" },
    { name = "pulp" },
    { name = "result" },
]

[package.metadata]
requires-dist = [
    { name = "polars", specifier = ">=1.39.3" },
    { name = "pulp", specifier = ">=3.3.0" },
    { name = "result", specifier = ">=0.17.0" },
]

[[package]]
name = "polars"
version = "1.39.3"
source = { registry = "https://pypi.org/simple" }
dependencies = [
    { name = "polars-runtime-32" },
]
sdist = { url = "https://files.pythonhosted.org/packages/93/ab/f19e592fce9e000da49c96bf35e77cef67f9cb4b040bfa538a2764c0263e/polars-1.39.3.tar.gz", hash = "sha256:2e016c7f3e8d14fa777ef86fe0477cec6c67023a20ba4c94d6e8431eefe4a63c", size = 728987, upload-time = "2026-03-20T11:16:24.836Z" }
wheels = [
    { url = "https://files.pythonhosted.org/packages/b4/db/08f4ca10c5018813e7e0b59e4472302328b3d2ab1512f5a2157a814540e0/polars-1.39.3-py3-none-any.whl", hash = "sha256:c2b955ccc0a08a2bc9259785decf3d5c007b489b523bf2390cf21cec2bb82a56", size = 823985, upload-time = "2026-03-20T11:14:23.619Z" },
]

[[package]]
name = "polars-runtime-32"
version = "1.39.3"
source = { registry = "https://pypi.org/simple" }
sdist = { url = "https://files.pythonhosted.org/packages/17/39/c8688696bc22b6c501e3b82ef3be10e543c07a785af5660f30997cd22dd2/polars_runtime_32-1.39.3.tar.gz", hash = "sha256:c728e4f469cafab501947585f36311b8fb222d3e934c6209e83791e0df20b29d", size = 2872335, upload-time = "2026-03-20T11:16:26.581Z" }
wheels = [
    { url = "https://files.pythonhosted.org/packages/3b/74/1b41205f7368c9375ab1dea91178eaa20435fe3eff036390a53a7660b416/polars_runtime_32-1.39.3-cp310-abi3-macosx_10_12_x86_64.whl", hash = "sha256:425c0b220b573fa097b4042edff73114cc6d23432a21dfd2dc41adf329d7d2e9", size = 45273243, upload-time = "2026-03-20T11:14:26.691Z" },
    { url = "https://files.pythonhosted.org/packages/90/bf/297716b3095fe719be20fcf7af1d2b6ab069c38199bbace2469608a69b3a/polars_runtime_32-1.39.3-cp310-abi3-macosx_11_0_arm64.whl", hash = "sha256:ef5884711e3c617d7dc93519a7d038e242f5741cfe5fe9afd32d58845d86c562", size = 40842924, upload-time = "2026-03-20T11:14:31.154Z" },
    { url = "https://files.pythonhosted.org/packages/3d/3e/e65236d9d0d9babfa0ecba593413c06530fca60a8feb8f66243aa5dba92e/polars_runtime_32-1.39.3-cp310-abi3-manylinux_2_17_aarch64.manylinux2014_aarch64.whl", hash = "sha256:06b47f535eb1f97a9a1e5b0053ef50db3a4276e241178e37bbb1a38b1fa53b14", size = 43220650, upload-time = "2026-03-20T11:14:35.458Z" },
    { url = "https://files.pythonhosted.org/packages/b0/15/fc3e43f3fdf3f20b7dfb5abe871ab6162cf8fb4aeabf4cfad822d5dc4c79/polars_runtime_32-1.39.3-cp310-abi3-manylinux_2_17_x86_64.manylinux2014_x86_64.whl", hash = "sha256:8bc9e13dc1d2e828331f2fe8ccbc9757554dc4933a8d3e85e906b988178f95ed", size = 46877498, upload-time = "2026-03-20T11:14:40.14Z" },
    { url = "https://files.pythonhosted.org/packages/3c/81/bd5f895919e32c6ab0a7786cd0c0ca961cb03152c47c3645808b54383f31/polars_runtime_32-1.39.3-cp310-abi3-musllinux_1_2_aarch64.whl", hash = "sha256:363d49e3a3e638fc943e2b9887940300a7d06789930855a178a4727949259dc2", size = 43380176, upload-time = "2026-03-20T11:14:45.566Z" },
    { url = "https://files.pythonhosted.org/packages/7a/3e/c86433c3b5ec0315bdfc7640d0c15d41f1216c0103a0eab9a9b5147d6c4c/polars_runtime_32-1.39.3-cp310-abi3-musllinux_1_2_x86_64.whl", hash = "sha256:7c206bdcc7bc62ea038d6adea8e44b02f0e675e0191a54c810703b4895208ea4", size = 46485933, upload-time = "2026-03-20T11:14:51.155Z" },
    { url = "https://files.pythonhosted.org/packages/54/ce/200b310cf91f98e652eb6ea09fdb3a9718aa0293ebf113dce325797c8572/polars_runtime_32-1.39.3-cp310-abi3-win_amd64.whl", hash = "sha256:d66ca522517554a883446957539c40dc7b75eb0c2220357fb28bc8940d305339", size = 46995458, upload-time = "2026-03-20T11:14:56.074Z" },
    { url = "https://files.pythonhosted.org/packages/da/76/2d48927e0aa2abbdde08cbf4a2536883b73277d47fbeca95e952de86df34/polars_runtime_32-1.39.3-cp310-abi3-win_arm64.whl", hash = "sha256:f49f51461de63f13e5dd4eb080421c8f23f856945f3f8bd5b2b1f59da52c2860", size = 41857648, upload-time = "2026-03-20T11:15:01.142Z" },
]

[[package]]
name = "pulp"
version = "3.3.0"
source = { registry = "https://pypi.org/simple" }
sdist = { url = "https://files.pythonhosted.org/packages/16/1c/d880b739b841a8aa81143091c9bdda5e72e226a660aa13178cb312d4b27f/pulp-3.3.0.tar.gz", hash = "sha256:7eb99b9ce7beeb8bbb7ea9d1c919f02f003ab7867e0d1e322f2f2c26dd31c8ba", size = 16301847, upload-time = "2025-09-18T08:14:57.552Z" }
wheels = [
    { url = "https://files.pythonhosted.org/packages/99/6c/64cafaceea3f99927e84b38a362ec6a8f24f33061c90bda77dfe1cd4c3c6/pulp-3.3.0-py3-none-any.whl", hash = "sha256:dd6ad2d63f196d1254eddf9dcff5cd224912c1f046120cb7c143c5b0eda63fae", size = 16387700, upload-time = "2025-09-18T08:14:53.368Z" },
]

[[package]]
name = "result"
version = "0.17.0"
source = { registry = "https://pypi.org/simple" }
sdist = { url = "https://files.pythonhosted.org/packages/a3/47/2175be65744aa4d8419c27bd3a7a7d65af5bcad7a4dc6a812c00778754f0/result-0.17.0.tar.gz", hash = "sha256:b73da420c0cb1a3bf741dbd41ff96dedafaad6a1b3ef437a9e33e380bb0d91cf", size = 20180, upload-time = "2024-06-02T16:39:54.51Z" }
wheels = [
    { url = "https://files.pythonhosted.org/packages/e2/90/19110ce9374c3db619e2df0816f2c58e4ddc5cdad5f7284cd81d8b30b7cb/result-0.17.0-py3-none-any.whl", hash = "sha256:49fd668b4951ad15800b8ccefd98b6b94effc789607e19c65064b775570933e8", size = 11689, upload-time = "2024-06-02T16:39:52.715Z" },
]
